// !$*UTF8*$!
{
	archiveVersion = 1;
	classes = {
	};
	objectVersion = 55;
	objects = {

/* Begin PBXBuildFile section */
		9B7BAC9E2737145100569165 /* Tests_iOS.swift in Sources */ = {isa = PBXBuildFile; fileRef = 9B7BAC9D2737145100569165 /* Tests_iOS.swift */; };
		9B7BACA02737145100569165 /* Tests_iOSLaunchTests.swift in Sources */ = {isa = PBXBuildFile; fileRef = 9B7BAC9F2737145100569165 /* Tests_iOSLaunchTests.swift */; };
		9B7BACAA2737145100569165 /* Tests_macOS.swift in Sources */ = {isa = PBXBuildFile; fileRef = 9B7BACA92737145100569165 /* Tests_macOS.swift */; };
		9B7BACAC2737145100569165 /* Tests_macOSLaunchTests.swift in Sources */ = {isa = PBXBuildFile; fileRef = 9B7BACAB2737145100569165 /* Tests_macOSLaunchTests.swift */; };
		9B7BACAD2737145100569165 /* technical_portfolioApp.swift in Sources */ = {isa = PBXBuildFile; fileRef = 9B7BAC852737144F00569165 /* technical_portfolioApp.swift */; };
		9B7BACAE2737145100569165 /* technical_portfolioApp.swift in Sources */ = {isa = PBXBuildFile; fileRef = 9B7BAC852737144F00569165 /* technical_portfolioApp.swift */; };
		9B7BACAF2737145100569165 /* ContentView.swift in Sources */ = {isa = PBXBuildFile; fileRef = 9B7BAC862737144F00569165 /* ContentView.swift */; };
		9B7BACB02737145100569165 /* ContentView.swift in Sources */ = {isa = PBXBuildFile; fileRef = 9B7BAC862737144F00569165 /* ContentView.swift */; };
		9B7BACB12737145100569165 /* Assets.xcassets in Resources */ = {isa = PBXBuildFile; fileRef = 9B7BAC872737145100569165 /* Assets.xcassets */; };
		9B7BACB22737145100569165 /* Assets.xcassets in Resources */ = {isa = PBXBuildFile; fileRef = 9B7BAC872737145100569165 /* Assets.xcassets */; };
/* End PBXBuildFile section */

/* Begin PBXContainerItemProxy section */
		9B7BAC9A2737145100569165 /* PBXContainerItemProxy */ = {
			isa = PBXContainerItemProxy;
			containerPortal = 9B7BAC802737144F00569165 /* Project object */;
			proxyType = 1;
			remoteGlobalIDString = 9B7BAC8B2737145100569165;
			remoteInfo = "technical-portfolio (iOS)";
		};
		9B7BACA62737145100569165 /* PBXContainerItemProxy */ = {
			isa = PBXContainerItemProxy;
			containerPortal = 9B7BAC802737144F00569165 /* Project object */;
			proxyType = 1;
			remoteGlobalIDString = 9B7BAC912737145100569165;
			remoteInfo = "technical-portfolio (macOS)";
		};
/* End PBXContainerItemProxy section */

/* Begin PBXFileReference section */
		9B7BAC852737144F00569165 /* technical_portfolioApp.swift */ = {isa = PBXFileReference; lastKnownFileType = sourcecode.swift; path = technical_portfolioApp.swift; sourceTree = "<group>"; };
		9B7BAC862737144F00569165 /* ContentView.swift */ = {isa = PBXFileReference; lastKnownFileType = sourcecode.swift; path = ContentView.swift; sourceTree = "<group>"; };
		9B7BAC872737145100569165 /* Assets.xcassets */ = {isa = PBXFileReference; lastKnownFileType = folder.assetcatalog; path = Assets.xcassets; sourceTree = "<group>"; };
		9B7BAC8C2737145100569165 /* technical-portfolio.app */ = {isa = PBXFileReference; explicitFileType = wrapper.application; includeInIndex = 0; path = "technical-portfolio.app"; sourceTree = BUILT_PRODUCTS_DIR; };
		9B7BAC922737145100569165 /* technical-portfolio.app */ = {isa = PBXFileReference; explicitFileType = wrapper.application; includeInIndex = 0; path = "technical-portfolio.app"; sourceTree = BUILT_PRODUCTS_DIR; };
		9B7BAC942737145100569165 /* macOS.entitlements */ = {isa = PBXFileReference; lastKnownFileType = text.plist.entitlements; path = macOS.entitlements; sourceTree = "<group>"; };
		9B7BAC992737145100569165 /* Tests iOS.xctest */ = {isa = PBXFileReference; explicitFileType = wrapper.cfbundle; includeInIndex = 0; path = "Tests iOS.xctest"; sourceTree = BUILT_PRODUCTS_DIR; };
		9B7BAC9D2737145100569165 /* Tests_iOS.swift */ = {isa = PBXFileReference; lastKnownFileType = sourcecode.swift; path = Tests_iOS.swift; sourceTree = "<group>"; };
		9B7BAC9F2737145100569165 /* Tests_iOSLaunchTests.swift */ = {isa = PBXFileReference; lastKnownFileType = sourcecode.swift; path = Tests_iOSLaunchTests.swift; sourceTree = "<group>"; };
		9B7BACA52737145100569165 /* Tests macOS.xctest */ = {isa = PBXFileReference; explicitFileType = wrapper.cfbundle; includeInIndex = 0; path = "Tests macOS.xctest"; sourceTree = BUILT_PRODUCTS_DIR; };
		9B7BACA92737145100569165 /* Tests_macOS.swift */ = {isa = PBXFileReference; lastKnownFileType = sourcecode.swift; path = Tests_macOS.swift; sourceTree = "<group>"; };
		9B7BACAB2737145100569165 /* Tests_macOSLaunchTests.swift */ = {isa = PBXFileReference; lastKnownFileType = sourcecode.swift; path = Tests_macOSLaunchTests.swift; sourceTree = "<group>"; };
/* End PBXFileReference section */

/* Begin PBXFrameworksBuildPhase section */
		9B7BAC892737145100569165 /* Frameworks */ = {
			isa = PBXFrameworksBuildPhase;
			buildActionMask = 2147483647;
			files = (
			);
			runOnlyForDeploymentPostprocessing = 0;
		};
		9B7BAC8F2737145100569165 /* Frameworks */ = {
			isa = PBXFrameworksBuildPhase;
			buildActionMask = 2147483647;
			files = (
			);
			runOnlyForDeploymentPostprocessing = 0;
		};
		9B7BAC962737145100569165 /* Frameworks */ = {
			isa = PBXFrameworksBuildPhase;
			buildActionMask = 2147483647;
			files = (
			);
			runOnlyForDeploymentPostprocessing = 0;
		};
		9B7BACA22737145100569165 /* Frameworks */ = {
			isa = PBXFrameworksBuildPhase;
			buildActionMask = 2147483647;
			files = (
			);
			runOnlyForDeploymentPostprocessing = 0;
		};
/* End PBXFrameworksBuildPhase section */

/* Begin PBXGroup section */
		9B7BAC7F2737144F00569165 = {
			isa = PBXGroup;
			children = (
				9B7BAC842737144F00569165 /* Shared */,
				9B7BAC932737145100569165 /* macOS */,
				9B7BAC9C2737145100569165 /* Tests iOS */,
				9B7BACA82737145100569165 /* Tests macOS */,
				9B7BAC8D2737145100569165 /* Products */,
			);
			sourceTree = "<group>";
		};
		9B7BAC842737144F00569165 /* Shared */ = {
			isa = PBXGroup;
			children = (
				9B7BAC852737144F00569165 /* technical_portfolioApp.swift */,
				9B7BAC862737144F00569165 /* ContentView.swift */,
				9B7BAC872737145100569165 /* Assets.xcassets */,
			);
			path = Shared;
			sourceTree = "<group>";
		};
		9B7BAC8D2737145100569165 /* Products */ = {
			isa = PBXGroup;
			children = (
				9B7BAC8C2737145100569165 /* technical-portfolio.app */,
				9B7BAC922737145100569165 /* technical-portfolio.app */,
				9B7BAC992737145100569165 /* Tests iOS.xctest */,
				9B7BACA52737145100569165 /* Tests macOS.xctest */,
			);
			name = Products;
			sourceTree = "<group>";
		};
		9B7BAC932737145100569165 /* macOS */ = {
			isa = PBXGroup;
			children = (
				9B7BAC942737145100569165 /* macOS.entitlements */,
			);
			path = macOS;
			sourceTree = "<group>";
		};
		9B7BAC9C2737145100569165 /* Tests iOS */ = {
			isa = PBXGroup;
			children = (
				9B7BAC9D2737145100569165 /* Tests_iOS.swift */,
				9B7BAC9F2737145100569165 /* Tests_iOSLaunchTests.swift */,
			);
			path = "Tests iOS";
			sourceTree = "<group>";
		};
		9B7BACA82737145100569165 /* Tests macOS */ = {
			isa = PBXGroup;
			children = (
				9B7BACA92737145100569165 /* Tests_macOS.swift */,
				9B7BACAB2737145100569165 /* Tests_macOSLaunchTests.swift */,
			);
			path = "Tests macOS";
			sourceTree = "<group>";
		};
/* End PBXGroup section */

/* Begin PBXNativeTarget section */
		9B7BAC8B2737145100569165 /* technical-portfolio (iOS) */ = {
			isa = PBXNativeTarget;
			buildConfigurationList = 9B7BACB52737145100569165 /* Build configuration list for PBXNativeTarget "technical-portfolio (iOS)" */;
			buildPhases = (
				9B7BAC882737145100569165 /* Sources */,
				9B7BAC892737145100569165 /* Frameworks */,
				9B7BAC8A2737145100569165 /* Resources */,
			);
			buildRules = (
			);
			dependencies = (
			);
			name = "technical-portfolio (iOS)";
			productName = "technical-portfolio (iOS)";
			productReference = 9B7BAC8C2737145100569165 /* technical-portfolio.app */;
			productType = "com.apple.product-type.application";
		};
		9B7BAC912737145100569165 /* technical-portfolio (macOS) */ = {
			isa = PBXNativeTarget;
			buildConfigurationList = 9B7BACB82737145100569165 /* Build configuration list for PBXNativeTarget "technical-portfolio (macOS)" */;
			buildPhases = (
				9B7BAC8E2737145100569165 /* Sources */,
				9B7BAC8F2737145100569165 /* Frameworks */,
				9B7BAC902737145100569165 /* Resources */,
			);
			buildRules = (
			);
			dependencies = (
			);
			name = "technical-portfolio (macOS)";
			productName = "technical-portfolio (macOS)";
			productReference = 9B7BAC922737145100569165 /* technical-portfolio.app */;
			productType = "com.apple.product-type.application";
		};
		9B7BAC982737145100569165 /* Tests iOS */ = {
			isa = PBXNativeTarget;
			buildConfigurationList = 9B7BACBB2737145100569165 /* Build configuration list for PBXNativeTarget "Tests iOS" */;
			buildPhases = (
				9B7BAC952737145100569165 /* Sources */,
				9B7BAC962737145100569165 /* Frameworks */,
				9B7BAC972737145100569165 /* Resources */,
			);
			buildRules = (
			);
			dependencies = (
				9B7BAC9B2737145100569165 /* PBXTargetDependency */,
			);
			name = "Tests iOS";
			productName = "Tests iOS";
			productReference = 9B7BAC992737145100569165 /* Tests iOS.xctest */;
			productType = "com.apple.product-type.bundle.ui-testing";
		};
		9B7BACA42737145100569165 /* Tests macOS */ = {
			isa = PBXNativeTarget;
			buildConfigurationList = 9B7BACBE2737145100569165 /* Build configuration list for PBXNativeTarget "Tests macOS" */;
			buildPhases = (
				9B7BACA12737145100569165 /* Sources */,
				9B7BACA22737145100569165 /* Frameworks */,
				9B7BACA32737145100569165 /* Resources */,
			);
			buildRules = (
			);
			dependencies = (
				9B7BACA72737145100569165 /* PBXTargetDependency */,
			);
			name = "Tests macOS";
			productName = "Tests macOS";
			productReference = 9B7BACA52737145100569165 /* Tests macOS.xctest */;
			productType = "com.apple.product-type.bundle.ui-testing";
		};
/* End PBXNativeTarget section */

/* Begin PBXProject section */
		9B7BAC802737144F00569165 /* Project object */ = {
			isa = PBXProject;
			attributes = {
				BuildIndependentTargetsInParallel = 1;
				LastSwiftUpdateCheck = 1310;
				LastUpgradeCheck = 1310;
				TargetAttributes = {
					9B7BAC8B2737145100569165 = {
						CreatedOnToolsVersion = 13.1;
					};
					9B7BAC912737145100569165 = {
						CreatedOnToolsVersion = 13.1;
					};
					9B7BAC982737145100569165 = {
						CreatedOnToolsVersion = 13.1;
						TestTargetID = 9B7BAC8B2737145100569165;
					};
					9B7BACA42737145100569165 = {
						CreatedOnToolsVersion = 13.1;
						TestTargetID = 9B7BAC912737145100569165;
					};
				};
			};
			buildConfigurationList = 9B7BAC832737144F00569165 /* Build configuration list for PBXProject "technical-portfolio" */;
			compatibilityVersion = "Xcode 13.0";
			developmentRegion = en;
			hasScannedForEncodings = 0;
			knownRegions = (
				en,
				Base,
			);
			mainGroup = 9B7BAC7F2737144F00569165;
			productRefGroup = 9B7BAC8D2737145100569165 /* Products */;
			projectDirPath = "";
			projectRoot = "";
			targets = (
				9B7BAC8B2737145100569165 /* technical-portfolio (iOS) */,
				9B7BAC912737145100569165 /* technical-portfolio (macOS) */,
				9B7BAC982737145100569165 /* Tests iOS */,
				9B7BACA42737145100569165 /* Tests macOS */,
			);
		};
/* End PBXProject section */

/* Begin PBXResourcesBuildPhase section */
		9B7BAC8A2737145100569165 /* Resources */ = {
			isa = PBXResourcesBuildPhase;
			buildActionMask = 2147483647;
			files = (
				9B7BACB12737145100569165 /* Assets.xcassets in Resources */,
			);
			runOnlyForDeploymentPostprocessing = 0;
		};
		9B7BAC902737145100569165 /* Resources */ = {
			isa = PBXResourcesBuildPhase;
			buildActionMask = 2147483647;
			files = (
				9B7BACB22737145100569165 /* Assets.xcassets in Resources */,
			);
			runOnlyForDeploymentPostprocessing = 0;
		};
		9B7BAC972737145100569165 /* Resources */ = {
			isa = PBXResourcesBuildPhase;
			buildActionMask = 2147483647;
			files = (
			);
			runOnlyForDeploymentPostprocessing = 0;
		};
		9B7BACA32737145100569165 /* Resources */ = {
			isa = PBXResourcesBuildPhase;
			buildActionMask = 2147483647;
			files = (
			);
			runOnlyForDeploymentPostprocessing = 0;
		};
/* End PBXResourcesBuildPhase section */

/* Begin PBXSourcesBuildPhase section */
		9B7BAC882737145100569165 /* Sources */ = {
			isa = PBXSourcesBuildPhase;
			buildActionMask = 2147483647;
			files = (
				9B7BACAF2737145100569165 /* ContentView.swift in Sources */,
				9B7BACAD2737145100569165 /* technical_portfolioApp.swift in Sources */,
			);
			runOnlyForDeploymentPostprocessing = 0;
		};
		9B7BAC8E2737145100569165 /* Sources */ = {
			isa = PBXSourcesBuildPhase;
			buildActionMask = 2147483647;
			files = (
				9B7BACB02737145100569165 /* ContentView.swift in Sources */,
				9B7BACAE2737145100569165 /* technical_portfolioApp.swift in Sources */,
			);
			runOnlyForDeploymentPostprocessing = 0;
		};
		9B7BAC952737145100569165 /* Sources */ = {
			isa = PBXSourcesBuildPhase;
			buildActionMask = 2147483647;
			files = (
				9B7BACA02737145100569165 /* Tests_iOSLaunchTests.swift in Sources */,
				9B7BAC9E2737145100569165 /* Tests_iOS.swift in Sources */,
			);
			runOnlyForDeploymentPostprocessing = 0;
		};
		9B7BACA12737145100569165 /* Sources */ = {
			isa = PBXSourcesBuildPhase;
			buildActionMask = 2147483647;
			files = (
				9B7BACAC2737145100569165 /* Tests_macOSLaunchTests.swift in Sources */,
				9B7BACAA2737145100569165 /* Tests_macOS.swift in Sources */,
			);
			runOnlyForDeploymentPostprocessing = 0;
		};
/* End PBXSourcesBuildPhase section */

/* Begin PBXTargetDependency section */
		9B7BAC9B2737145100569165 /* PBXTargetDependency */ = {
			isa = PBXTargetDependency;
			target = 9B7BAC8B2737145100569165 /* technical-portfolio (iOS) */;
			targetProxy = 9B7BAC9A2737145100569165 /* PBXContainerItemProxy */;
		};
		9B7BACA72737145100569165 /* PBXTargetDependency */ = {
			isa = PBXTargetDependency;
			target = 9B7BAC912737145100569165 /* technical-portfolio (macOS) */;
			targetProxy = 9B7BACA62737145100569165 /* PBXContainerItemProxy */;
		};
/* End PBXTargetDependency section */

/* Begin XCBuildConfiguration section */
		9B7BACB32737145100569165 /* Debug */ = {
			isa = XCBuildConfiguration;
			buildSettings = {
				ALWAYS_SEARCH_USER_PATHS = NO;
				CLANG_ANALYZER_NONNULL = YES;
				CLANG_ANALYZER_NUMBER_OBJECT_CONVERSION = YES_AGGRESSIVE;
				CLANG_CXX_LANGUAGE_STANDARD = "gnu++17";
				CLANG_CXX_LIBRARY = "libc++";
				CLANG_ENABLE_MODULES = YES;
				CLANG_ENABLE_OBJC_ARC = YES;
				CLANG_ENABLE_OBJC_WEAK = YES;
				CLANG_WARN_BLOCK_CAPTURE_AUTORELEASING = YES;
				CLANG_WARN_BOOL_CONVERSION = YES;
				CLANG_WARN_COMMA = YES;
				CLANG_WARN_CONSTANT_CONVERSION = YES;
				CLANG_WARN_DEPRECATED_OBJC_IMPLEMENTATIONS = YES;
				CLANG_WARN_DIRECT_OBJC_ISA_USAGE = YES_ERROR;
				CLANG_WARN_DOCUMENTATION_COMMENTS = YES;
				CLANG_WARN_EMPTY_BODY = YES;
				CLANG_WARN_ENUM_CONVERSION = YES;
				CLANG_WARN_INFINITE_RECURSION = YES;
				CLANG_WARN_INT_CONVERSION = YES;
				CLANG_WARN_NON_LITERAL_NULL_CONVERSION = YES;
				CLANG_WARN_OBJC_IMPLICIT_RETAIN_SELF = YES;
				CLANG_WARN_OBJC_LITERAL_CONVERSION = YES;
				CLANG_WARN_OBJC_ROOT_CLASS = YES_ERROR;
				CLANG_WARN_QUOTED_INCLUDE_IN_FRAMEWORK_HEADER = YES;
				CLANG_WARN_RANGE_LOOP_ANALYSIS = YES;
				CLANG_WARN_STRICT_PROTOTYPES = YES;
				CLANG_WARN_SUSPICIOUS_MOVE = YES;
				CLANG_WARN_UNGUARDED_AVAILABILITY = YES_AGGRESSIVE;
				CLANG_WARN_UNREACHABLE_CODE = YES;
				CLANG_WARN__DUPLICATE_METHOD_MATCH = YES;
				COPY_PHASE_STRIP = NO;
				DEBUG_INFORMATION_FORMAT = dwarf;
				ENABLE_STRICT_OBJC_MSGSEND = YES;
				ENABLE_TESTABILITY = YES;
				GCC_C_LANGUAGE_STANDARD = gnu11;
				GCC_DYNAMIC_NO_PIC = NO;
				GCC_NO_COMMON_BLOCKS = YES;
				GCC_OPTIMIZATION_LEVEL = 0;
				GCC_PREPROCESSOR_DEFINITIONS = (
					"DEBUG=1",
					"$(inherited)",
				);
				GCC_WARN_64_TO_32_BIT_CONVERSION = YES;
				GCC_WARN_ABOUT_RETURN_TYPE = YES_ERROR;
				GCC_WARN_UNDECLARED_SELECTOR = YES;
				GCC_WARN_UNINITIALIZED_AUTOS = YES_AGGRESSIVE;
				GCC_WARN_UNUSED_FUNCTION = YES;
				GCC_WARN_UNUSED_VARIABLE = YES;
				MTL_ENABLE_DEBUG_INFO = INCLUDE_SOURCE;
				MTL_FAST_MATH = YES;
				ONLY_ACTIVE_ARCH = YES;
				SWIFT_ACTIVE_COMPILATION_CONDITIONS = DEBUG;
				SWIFT_OPTIMIZATION_LEVEL = "-Onone";
			};
			name = Debug;
		};
		9B7BACB42737145100569165 /* Release */ = {
			isa = XCBuildConfiguration;
			buildSettings = {
				ALWAYS_SEARCH_USER_PATHS = NO;
				CLANG_ANALYZER_NONNULL = YES;
				CLANG_ANALYZER_NUMBER_OBJECT_CONVERSION = YES_AGGRESSIVE;
				CLANG_CXX_LANGUAGE_STANDARD = "gnu++17";
				CLANG_CXX_LIBRARY = "libc++";
				CLANG_ENABLE_MODULES = YES;
				CLANG_ENABLE_OBJC_ARC = YES;
				CLANG_ENABLE_OBJC_WEAK = YES;
				CLANG_WARN_BLOCK_CAPTURE_AUTORELEASING = YES;
				CLANG_WARN_BOOL_CONVERSION = YES;
				CLANG_WARN_COMMA = YES;
				CLANG_WARN_CONSTANT_CONVERSION = YES;
				CLANG_WARN_DEPRECATED_OBJC_IMPLEMENTATIONS = YES;
				CLANG_WARN_DIRECT_OBJC_ISA_USAGE = YES_ERROR;
				CLANG_WARN_DOCUMENTATION_COMMENTS = YES;
				CLANG_WARN_EMPTY_BODY = YES;
				CLANG_WARN_ENUM_CONVERSION = YES;
				CLANG_WARN_INFINITE_RECURSION = YES;
				CLANG_WARN_INT_CONVERSION = YES;
				CLANG_WARN_NON_LITERAL_NULL_CONVERSION = YES;
				CLANG_WARN_OBJC_IMPLICIT_RETAIN_SELF = YES;
				CLANG_WARN_OBJC_LITERAL_CONVERSION = YES;
				CLANG_WARN_OBJC_ROOT_CLASS = YES_ERROR;
				CLANG_WARN_QUOTED_INCLUDE_IN_FRAMEWORK_HEADER = YES;
				CLANG_WARN_RANGE_LOOP_ANALYSIS = YES;
				CLANG_WARN_STRICT_PROTOTYPES = YES;
				CLANG_WARN_SUSPICIOUS_MOVE = YES;
				CLANG_WARN_UNGUARDED_AVAILABILITY = YES_AGGRESSIVE;
				CLANG_WARN_UNREACHABLE_CODE = YES;
				CLANG_WARN__DUPLICATE_METHOD_MATCH = YES;
				COPY_PHASE_STRIP = NO;
				DEBUG_INFORMATION_FORMAT = "dwarf-with-dsym";
				ENABLE_NS_ASSERTIONS = NO;
				ENABLE_STRICT_OBJC_MSGSEND = YES;
				GCC_C_LANGUAGE_STANDARD = gnu11;
				GCC_NO_COMMON_BLOCKS = YES;
				GCC_WARN_64_TO_32_BIT_CONVERSION = YES;
				GCC_WARN_ABOUT_RETURN_TYPE = YES_ERROR;
				GCC_WARN_UNDECLARED_SELECTOR = YES;
				GCC_WARN_UNINITIALIZED_AUTOS = YES_AGGRESSIVE;
				GCC_WARN_UNUSED_FUNCTION = YES;
				GCC_WARN_UNUSED_VARIABLE = YES;
				MTL_ENABLE_DEBUG_INFO = NO;
				MTL_FAST_MATH = YES;
				SWIFT_COMPILATION_MODE = wholemodule;
				SWIFT_OPTIMIZATION_LEVEL = "-O";
			};
			name = Release;
		};
		9B7BACB62737145100569165 /* Debug */ = {
			isa = XCBuildConfiguration;
			buildSettings = {
				ASSETCATALOG_COMPILER_APPICON_NAME = AppIcon;
				ASSETCATALOG_COMPILER_GLOBAL_ACCENT_COLOR_NAME = AccentColor;
				CODE_SIGN_STYLE = Automatic;
				CURRENT_PROJECT_VERSION = 1;
				DEVELOPMENT_TEAM = B8WJ729JLW;
				ENABLE_PREVIEWS = YES;
				GENERATE_INFOPLIST_FILE = YES;
				INFOPLIST_KEY_UIApplicationSceneManifest_Generation = YES;
				INFOPLIST_KEY_UIApplicationSupportsIndirectInputEvents = YES;
				INFOPLIST_KEY_UILaunchScreen_Generation = YES;
				INFOPLIST_KEY_UISupportedInterfaceOrientations_iPad = "UIInterfaceOrientationPortrait UIInterfaceOrientationPortraitUpsideDown UIInterfaceOrientationLandscapeLeft UIInterfaceOrientationLandscapeRight";
				INFOPLIST_KEY_UISupportedInterfaceOrientations_iPhone = "UIInterfaceOrientationPortrait UIInterfaceOrientationLandscapeLeft UIInterfaceOrientationLandscapeRight";
				IPHONEOS_DEPLOYMENT_TARGET = 15.0;
				LD_RUNPATH_SEARCH_PATHS = (
					"$(inherited)",
					"@executable_path/Frameworks",
				);
				MARKETING_VERSION = 1.0;
				PRODUCT_BUNDLE_IDENTIFIER = "com.queenie.technical-portfolio";
				PRODUCT_NAME = "technical-portfolio";
				SDKROOT = iphoneos;
				SWIFT_EMIT_LOC_STRINGS = YES;
				SWIFT_VERSION = 5.0;
				TARGETED_DEVICE_FAMILY = "1,2";
			};
			name = Debug;
		};
		9B7BACB72737145100569165 /* Release */ = {
			isa = XCBuildConfiguration;
			buildSettings = {
				ASSETCATALOG_COMPILER_APPICON_NAME = AppIcon;
				ASSETCATALOG_COMPILER_GLOBAL_ACCENT_COLOR_NAME = AccentColor;
				CODE_SIGN_STYLE = Automatic;
				CURRENT_PROJECT_VERSION = 1;
				DEVELOPMENT_TEAM = B8WJ729JLW;
				ENABLE_PREVIEWS = YES;
				GENERATE_INFOPLIST_FILE = YES;
				INFOPLIST_KEY_UIApplicationSceneManifest_Generation = YES;
				INFOPLIST_KEY_UIApplicationSupportsIndirectInputEvents = YES;
				INFOPLIST_KEY_UILaunchScreen_Generation = YES;
				INFOPLIST_KEY_UISupportedInterfaceOrientations_iPad = "UIInterfaceOrientationPortrait UIInterfaceOrientationPortraitUpsideDown UIInterfaceOrientationLandscapeLeft UIInterfaceOrientationLandscapeRight";
				INFOPLIST_KEY_UISupportedInterfaceOrientations_iPhone = "UIInterfaceOrientationPortrait UIInterfaceOrientationLandscapeLeft UIInterfaceOrientationLandscapeRight";
				IPHONEOS_DEPLOYMENT_TARGET = 15.0;
				LD_RUNPATH_SEARCH_PATHS = (
					"$(inherited)",
					"@executable_path/Frameworks",
				);
				MARKETING_VERSION = 1.0;
				PRODUCT_BUNDLE_IDENTIFIER = "com.queenie.technical-portfolio";
				PRODUCT_NAME = "technical-portfolio";
				SDKROOT = iphoneos;
				SWIFT_EMIT_LOC_STRINGS = YES;
				SWIFT_VERSION = 5.0;
				TARGETED_DEVICE_FAMILY = "1,2";
				VALIDATE_PRODUCT = YES;
			};
			name = Release;
		};
		9B7BACB92737145100569165 /* Debug */ = {
			isa = XCBuildConfiguration;
			buildSettings = {
				ASSETCATALOG_COMPILER_APPICON_NAME = AppIcon;
				ASSETCATALOG_COMPILER_GLOBAL_ACCENT_COLOR_NAME = AccentColor;
				CODE_SIGN_ENTITLEMENTS = macOS/macOS.entitlements;
				CODE_SIGN_STYLE = Automatic;
				COMBINE_HIDPI_IMAGES = YES;
				CURRENT_PROJECT_VERSION = 1;
				DEVELOPMENT_TEAM = B8WJ729JLW;
				ENABLE_HARDENED_RUNTIME = YES;
				ENABLE_PREVIEWS = YES;
				GENERATE_INFOPLIST_FILE = YES;
				INFOPLIST_KEY_NSHumanReadableCopyright = "";
				LD_RUNPATH_SEARCH_PATHS = (
					"$(inherited)",
					"@executable_path/../Frameworks",
				);
				MACOSX_DEPLOYMENT_TARGET = 11.5;
				MARKETING_VERSION = 1.0;
				PRODUCT_BUNDLE_IDENTIFIER = "com.queenie.technical-portfolio";
				PRODUCT_NAME = "technical-portfolio";
				SDKROOT = macosx;
				SWIFT_EMIT_LOC_STRINGS = YES;
				SWIFT_VERSION = 5.0;
			};
			name = Debug;
		};
		9B7BACBA2737145100569165 /* Release */ = {
			isa = XCBuildConfiguration;
			buildSettings = {
				ASSETCATALOG_COMPILER_APPICON_NAME = AppIcon;
				ASSETCATALOG_COMPILER_GLOBAL_ACCENT_COLOR_NAME = AccentColor;
				CODE_SIGN_ENTITLEMENTS = macOS/macOS.entitlements;
				CODE_SIGN_STYLE = Automatic;
				COMBINE_HIDPI_IMAGES = YES;
				CURRENT_PROJECT_VERSION = 1;
				DEVELOPMENT_TEAM = B8WJ729JLW;
				ENABLE_HARDENED_RUNTIME = YES;
				ENABLE_PREVIEWS = YES;
				GENERATE_INFOPLIST_FILE = YES;
				INFOPLIST_KEY_NSHumanReadableCopyright = "";
				LD_RUNPATH_SEARCH_PATHS = (
					"$(inherited)",
					"@executable_path/../Frameworks",
				);
				MACOSX_DEPLOYMENT_TARGET = 11.5;
				MARKETING_VERSION = 1.0;
				PRODUCT_BUNDLE_IDENTIFIER = "com.queenie.technical-portfolio";
				PRODUCT_NAME = "technical-portfolio";
				SDKROOT = macosx;
				SWIFT_EMIT_LOC_STRINGS = YES;
				SWIFT_VERSION = 5.0;
			};
			name = Release;
		};
		9B7BACBC2737145100569165 /* Debug */ = {
			isa = XCBuildConfiguration;
			buildSettings = {
				ALWAYS_EMBED_SWIFT_STANDARD_LIBRARIES = YES;
				CODE_SIGN_STYLE = Automatic;
				CURRENT_PROJECT_VERSION = 1;
				DEVELOPMENT_TEAM = B8WJ729JLW;
				GENERATE_INFOPLIST_FILE = YES;
				IPHONEOS_DEPLOYMENT_TARGET = 15.0;
				LD_RUNPATH_SEARCH_PATHS = (
					"$(inherited)",
					"@executable_path/Frameworks",
					"@loader_path/Frameworks",
				);
				MARKETING_VERSION = 1.0;
				PRODUCT_BUNDLE_IDENTIFIER = "com.queenie.Tests-iOS";
				PRODUCT_NAME = "$(TARGET_NAME)";
				SDKROOT = iphoneos;
				SWIFT_EMIT_LOC_STRINGS = NO;
				SWIFT_VERSION = 5.0;
				TARGETED_DEVICE_FAMILY = "1,2";
				TEST_TARGET_NAME = "technical-portfolio (iOS)";
			};
			name = Debug;
		};
		9B7BACBD2737145100569165 /* Release */ = {
			isa = XCBuildConfiguration;
			buildSettings = {
				ALWAYS_EMBED_SWIFT_STANDARD_LIBRARIES = YES;
				CODE_SIGN_STYLE = Automatic;
				CURRENT_PROJECT_VERSION = 1;
				DEVELOPMENT_TEAM = B8WJ729JLW;
				GENERATE_INFOPLIST_FILE = YES;
				IPHONEOS_DEPLOYMENT_TARGET = 15.0;
				LD_RUNPATH_SEARCH_PATHS = (
					"$(inherited)",
					"@executable_path/Frameworks",
					"@loader_path/Frameworks",
				);
				MARKETING_VERSION = 1.0;
				PRODUCT_BUNDLE_IDENTIFIER = "com.queenie.Tests-iOS";
				PRODUCT_NAME = "$(TARGET_NAME)";
				SDKROOT = iphoneos;
				SWIFT_EMIT_LOC_STRINGS = NO;
				SWIFT_VERSION = 5.0;
				TARGETED_DEVICE_FAMILY = "1,2";
				TEST_TARGET_NAME = "technical-portfolio (iOS)";
				VALIDATE_PRODUCT = YES;
			};
			name = Release;
		};
		9B7BACBF2737145100569165 /* Debug */ = {
			isa = XCBuildConfiguration;
			buildSettings = {
				ALWAYS_EMBED_SWIFT_STANDARD_LIBRARIES = YES;
				CODE_SIGN_STYLE = Automatic;
				COMBINE_HIDPI_IMAGES = YES;
				CURRENT_PROJECT_VERSION = 1;
				DEVELOPMENT_TEAM = B8WJ729JLW;
				GENERATE_INFOPLIST_FILE = YES;
				LD_RUNPATH_SEARCH_PATHS = (
					"$(inherited)",
					"@executable_path/../Frameworks",
					"@loader_path/../Frameworks",
				);
				MACOSX_DEPLOYMENT_TARGET = 11.5;
				MARKETING_VERSION = 1.0;
				PRODUCT_BUNDLE_IDENTIFIER = "com.queenie.Tests-macOS";
				PRODUCT_NAME = "$(TARGET_NAME)";
				SDKROOT = macosx;
				SWIFT_EMIT_LOC_STRINGS = NO;
				SWIFT_VERSION = 5.0;
				TEST_TARGET_NAME = "technical-portfolio (macOS)";
			};
			name = Debug;
		};
		9B7BACC02737145100569165 /* Release */ = {
			isa = XCBuildConfiguration;
			buildSettings = {
				ALWAYS_EMBED_SWIFT_STANDARD_LIBRARIES = YES;
				CODE_SIGN_STYLE = Automatic;
				COMBINE_HIDPI_IMAGES = YES;
				CURRENT_PROJECT_VERSION = 1;
				DEVELOPMENT_TEAM = B8WJ729JLW;
				GENERATE_INFOPLIST_FILE = YES;
				LD_RUNPATH_SEARCH_PATHS = (
					"$(inherited)",
					"@executable_path/../Frameworks",
					"@loader_path/../Frameworks",
				);
				MACOSX_DEPLOYMENT_TARGET = 11.5;
				MARKETING_VERSION = 1.0;
				PRODUCT_BUNDLE_IDENTIFIER = "com.queenie.Tests-macOS";
				PRODUCT_NAME = "$(TARGET_NAME)";
				SDKROOT = macosx;
				SWIFT_EMIT_LOC_STRINGS = NO;
				SWIFT_VERSION = 5.0;
				TEST_TARGET_NAME = "technical-portfolio (macOS)";
			};
			name = Release;
		};
/* End XCBuildConfiguration section */

/* Begin XCConfigurationList section */
		9B7BAC832737144F00569165 /* Build configuration list for PBXProject "technical-portfolio" */ = {
			isa = XCConfigurationList;
			buildConfigurations = (
				9B7BACB32737145100569165 /* Debug */,
				9B7BACB42737145100569165 /* Release */,
			);
			defaultConfigurationIsVisible = 0;
			defaultConfigurationName = Release;
		};
		9B7BACB52737145100569165 /* Build configuration list for PBXNativeTarget "technical-portfolio (iOS)" */ = {
			isa = XCConfigurationList;
			buildConfigurations = (
				9B7BACB62737145100569165 /* Debug */,
				9B7BACB72737145100569165 /* Release */,
			);
			defaultConfigurationIsVisible = 0;
			defaultConfigurationName = Release;
		};
		9B7BACB82737145100569165 /* Build configuration list for PBXNativeTarget "technical-portfolio (macOS)" */ = {
			isa = XCConfigurationList;
			buildConfigurations = (
				9B7BACB92737145100569165 /* Debug */,
				9B7BACBA2737145100569165 /* Release */,
			);
			defaultConfigurationIsVisible = 0;
			defaultConfigurationName = Release;
		};
		9B7BACBB2737145100569165 /* Build configuration list for PBXNativeTarget "Tests iOS" */ = {
			isa = XCConfigurationList;
			buildConfigurations = (
				9B7BACBC2737145100569165 /* Debug */,
				9B7BACBD2737145100569165 /* Release */,
			);
			defaultConfigurationIsVisible = 0;
			defaultConfigurationName = Release;
		};
		9B7BACBE2737145100569165 /* Build configuration list for PBXNativeTarget "Tests macOS" */ = {
			isa = XCConfigurationList;
			buildConfigurations = (
				9B7BACBF2737145100569165 /* Debug */,
				9B7BACC02737145100569165 /* Release */,
			);
			defaultConfigurationIsVisible = 0;
			defaultConfigurationName = Release;
		};
/* End XCConfigurationList section */
	};
	rootObject = 9B7BAC802737144F00569165 /* Project object */;
}
